
Microsoft Visual Studio Solution File, Format Version 12.00
# Visual Studio Version 17
VisualStudioVersion = 17.2.32526.322
MinimumVisualStudioVersion = 10.0.40219.1
Project("{9092AA53-FB77-4645-B42D-1CCCA6BD08BD}") = "samplewebapp", "samplewebapp\samplewebapp.njsproj", "{BB7078BF-17E9-4D9D-AC79-05CDC513D252}"
EndProject
Global
	GlobalSection(SolutionConfigurationPlatforms) = preSolution
		Debug|Any CPU = Debug|Any CPU
		Release|Any CPU = Release|Any CPU
	EndGlobalSection
	GlobalSection(ProjectConfigurationPlatforms) = postSolution
		{BB7078BF-17E9-4D9D-AC79-05CDC513D252}.Debug|Any CPU.ActiveCfg = Debug|Any CPU
		{BB7078BF-17E9-4D9D-AC79-05CDC513D252}.Debug|Any CPU.Build.0 = Debug|Any CPU
		{BB7078BF-17E9-4D9D-AC79-05CDC513D252}.Release|Any CPU.ActiveCfg = Release|Any CPU
		{BB7078BF-17E9-4D9D-AC79-05CDC513D252}.Release|Any CPU.Build.0 = Release|Any CPU
	EndGlobalSection
	GlobalSection(SolutionProperties) = preSolution
		HideSolutionNode = FALSE
	EndGlobalSection
	GlobalSection(ExtensibilityGlobals) = postSolution
		SolutionGuid = {39CCBA43-0D3F-4BD7-8298-D9AC0D27BDC0}
	EndGlobalSection
EndGlobal
